
Microsoft Visual Studio Solution File, Format Version 12.00
# Visual Studio Version 17
VisualStudioVersion = 17.6.33723.286
MinimumVisualStudioVersion = 10.0.40219.1
Project("{FAE04EC0-301F-11D3-BF4B-00C04F79EFBC}") = "Dominio", "Dominio\Dominio.csproj", "{63ACAC94-D13A-4641-B1E4-96C2C97242FC}"
EndProject
Project("{FAE04EC0-301F-11D3-BF4B-00C04F79EFBC}") = "Teste", "Teste\Teste.csproj", "{1643F6B6-4B7C-469D-BB0D-4AF553DDD53F}"
EndProject
Global
	GlobalSection(SolutionConfigurationPlatforms) = preSolution
		Debug|Any CPU = Debug|Any CPU
		Release|Any CPU = Release|Any CPU
	EndGlobalSection
	GlobalSection(ProjectConfigurationPlatforms) = postSolution
		{63ACAC94-D13A-4641-B1E4-96C2C97242FC}.Debug|Any CPU.ActiveCfg = Debug|Any CPU
		{63ACAC94-D13A-4641-B1E4-96C2C97242FC}.Debug|Any CPU.Build.0 = Debug|Any CPU
		{63ACAC94-D13A-4641-B1E4-96C2C97242FC}.Release|Any CPU.ActiveCfg = Release|Any CPU
		{63ACAC94-D13A-4641-B1E4-96C2C97242FC}.Release|Any CPU.Build.0 = Release|Any CPU
		{1643F6B6-4B7C-469D-BB0D-4AF553DDD53F}.Debug|Any CPU.ActiveCfg = Debug|Any CPU
		{1643F6B6-4B7C-469D-BB0D-4AF553DDD53F}.Debug|Any CPU.Build.0 = Debug|Any CPU
		{1643F6B6-4B7C-469D-BB0D-4AF553DDD53F}.Release|Any CPU.ActiveCfg = Release|Any CPU
		{1643F6B6-4B7C-469D-BB0D-4AF553DDD53F}.Release|Any CPU.Build.0 = Release|Any CPU
	EndGlobalSection
	GlobalSection(SolutionProperties) = preSolution
		HideSolutionNode = FALSE
	EndGlobalSection
	GlobalSection(ExtensibilityGlobals) = postSolution
		SolutionGuid = {EF11199B-FD37-4400-9A78-BE695FB32313}
	EndGlobalSection
EndGlobal
